
Microsoft Visual Studio Solution File, Format Version 12.00
# Visual Studio Version 17
VisualStudioVersion = 17.1.32319.34
MinimumVisualStudioVersion = 10.0.40219.1
Project("{2150E333-8FDC-42A3-9474-1A3956D46DE8}") = "Infrastructures", "Infrastructures", "{3B899133-BEAC-4438-977F-B28FDFF3AE27}"
EndProject
Project("{2150E333-8FDC-42A3-9474-1A3956D46DE8}") = "Services", "Services", "{0CDC8FFF-393C-4C44-A2D8-996C24C51024}"
EndProject
Project("{2150E333-8FDC-42A3-9474-1A3956D46DE8}") = "01.Usr", "01.Usr", "{EB4CD5BA-9A74-4261-8CF3-28B8C7AE8D89}"
EndProject
Project("{2150E333-8FDC-42A3-9474-1A3956D46DE8}") = "02.Maint", "02.Maint", "{4362083A-615A-4EA5-9C7F-4A3F9C3AD7EB}"
EndProject
Project("{2150E333-8FDC-42A3-9474-1A3956D46DE8}") = "Tests", "Tests", "{23D3D93F-CE63-41DD-BE55-95EAFBB3280C}"
EndProject
Project("{2150E333-8FDC-42A3-9474-1A3956D46DE8}") = "00.Shared", "00.Shared", "{1D4DB6DE-CDE0-4B60-A71D-DFD792C6D864}"
EndProject
Project("{2150E333-8FDC-42A3-9474-1A3956D46DE8}") = "Bulid", "Bulid", "{5F46F98A-6505-4767-82A7-95B0E12060AC}"
	ProjectSection(SolutionItems) = preProject
		build\common.props = build\common.props
		build\version.props = build\version.props
	EndProjectSection
EndProject
Project("{2150E333-8FDC-42A3-9474-1A3956D46DE8}") = "Gateways", "Gateways", "{A142E6FE-FDCF-48BD-AEE8-0C8A45993594}"
EndProject
Project("{9A19103F-16F7-4668-BE54-9A1E7A4F7556}") = "MyName.Infra.Consul", "Infrastructures\MyName.Infra.Consul\MyName.Infra.Consul.csproj", "{F0FF93E2-336D-4FA2-9224-1FD1706E672D}"
EndProject
Project("{9A19103F-16F7-4668-BE54-9A1E7A4F7556}") = "MyName.Infra.Core", "Infrastructures\MyName.Infra.Core\MyName.Infra.Core.csproj", "{1EF6DD20-4412-4888-8630-9E5BFA89B5B0}"
EndProject
Project("{9A19103F-16F7-4668-BE54-9A1E7A4F7556}") = "MyName.Infra.Repository.EfCore", "Infrastructures\MyName.Infra.EfCore\MyName.Infra.Repository.EfCore.csproj", "{B6A87E10-919C-4595-931A-93159C25BCCE}"
EndProject
Project("{9A19103F-16F7-4668-BE54-9A1E7A4F7556}") = "MyName.Infra.Repository.EfCore.MySql", "Infrastructures\MyName.Infra.EfCore.MySQL\MyName.Infra.Repository.EfCore.MySql.csproj", "{F44BB9E6-1F7B-4284-9297-9DD36BAD0141}"
EndProject
Project("{9A19103F-16F7-4668-BE54-9A1E7A4F7556}") = "MyName.Infra.EventBus", "Infrastructures\MyName.Infra.EventBus\MyName.Infra.EventBus.csproj", "{9B0C3924-6FE8-49C1-927C-AA40A08D4862}"
EndProject
Project("{9A19103F-16F7-4668-BE54-9A1E7A4F7556}") = "MyName.Infra.Helper", "Infrastructures\MyName.Infra.Helper\MyName.Infra.Helper.csproj", "{0B856D52-AC40-48DD-B327-8CC08C6FA504}"
EndProject
Project("{9A19103F-16F7-4668-BE54-9A1E7A4F7556}") = "MyName.Infra.IdGenerater", "Infrastructures\MyName.Infra.IdGenerater\MyName.Infra.IdGenerater.csproj", "{7CEA691C-9890-4EC9-A21B-C19EA3CBDFA5}"
EndProject
Project("{9A19103F-16F7-4668-BE54-9A1E7A4F7556}") = "MyName.Infra.Job", "Infrastructures\MyName.Infra.Job\MyName.Infra.Job.csproj", "{F29CF6FF-A331-4F97-BC1E-66B625BCD98D}"
EndProject
Project("{9A19103F-16F7-4668-BE54-9A1E7A4F7556}") = "MyName.Infra.Mapper", "Infrastructures\MyName.Infra.Mapper\MyName.Infra.Mapper.csproj", "{34186680-94A9-4BDA-84A6-DE63CE90C0E4}"
EndProject
Project("{9A19103F-16F7-4668-BE54-9A1E7A4F7556}") = "MyName.Infra.Repository.Mongo", "Infrastructures\MyName.Infra.Mongo\MyName.Infra.Repository.Mongo.csproj", "{CB59363E-1F03-4BB9-8574-A373C523FD79}"
EndProject
Project("{9A19103F-16F7-4668-BE54-9A1E7A4F7556}") = "MyName.Infra.Redis", "Infrastructures\MyName.Infra.Redis\MyName.Infra.Redis.csproj", "{9DEDA9F1-11EE-4A3B-AC07-00D1FB5A2F4F}"
EndProject
Project("{9A19103F-16F7-4668-BE54-9A1E7A4F7556}") = "MyName.Infra.Redis.Caching", "Infrastructures\MyName.Infra.Redis.Caching\MyName.Infra.Redis.Caching.csproj", "{50658C05-D064-4A71-9BCC-97301E92AEDE}"
EndProject
Project("{9A19103F-16F7-4668-BE54-9A1E7A4F7556}") = "MyName.Infra.Repository", "Infrastructures\MyName.Infra.Repository\MyName.Infra.Repository.csproj", "{C1549836-3249-496A-9B2F-6FBD0FDEAC5B}"
EndProject
Project("{9A19103F-16F7-4668-BE54-9A1E7A4F7556}") = "MyName.Shared", "Services\Shared\MyName.Shared\MyName.Shared.csproj", "{FD2F16F8-9616-43FF-A821-4B03EF0BF7BE}"
EndProject
Project("{9A19103F-16F7-4668-BE54-9A1E7A4F7556}") = "MyName.Shared.Application", "Services\Shared\MyName.Shared.Application\MyName.Shared.Application.csproj", "{FE403F81-1C45-409D-907E-FE398DFAC83C}"
EndProject
Project("{9A19103F-16F7-4668-BE54-9A1E7A4F7556}") = "MyName.Shared.Application.Contracts", "Services\Shared\MyName.Shared.Application.Contracts\MyName.Shared.Application.Contracts.csproj", "{971D654C-62F6-48EB-AEA7-02390AAA5471}"
EndProject
Project("{9A19103F-16F7-4668-BE54-9A1E7A4F7556}") = "MyName.Shared.Domain", "Services\Shared\MyName.Shared.Domain\MyName.Shared.Domain.csproj", "{45ABA326-FE27-4F8B-A6A0-C22ADEF82333}"
EndProject
Project("{9A19103F-16F7-4668-BE54-9A1E7A4F7556}") = "MyName.Shared.Repository", "Services\Shared\MyName.Shared.Repository\MyName.Shared.Repository.csproj", "{88E4139D-D41C-4EBB-A375-F0C83822F49C}"
EndProject
Project("{9A19103F-16F7-4668-BE54-9A1E7A4F7556}") = "MyName.Shared.Rpc", "Services\Shared\MyName.Shared.Rpc\MyName.Shared.Rpc.csproj", "{4E1EC408-6A7F-4D8B-B82D-B1A3B878F562}"
EndProject
Project("{9A19103F-16F7-4668-BE54-9A1E7A4F7556}") = "MyName.Shared.WebApi", "Services\Shared\MyName.Shared.WebApi\MyName.Shared.WebApi.csproj", "{850C031E-107D-4ECD-926B-A7053C1FD626}"
EndProject
Project("{9A19103F-16F7-4668-BE54-9A1E7A4F7556}") = "MyName.Gateway.Ocelot", "Gateways\MyName.Gateway.Ocelot\MyName.Gateway.Ocelot.csproj", "{0D896AE0-5270-4CE3-9153-1D48F185DD08}"
EndProject
Project("{9A19103F-16F7-4668-BE54-9A1E7A4F7556}") = "MyName.Usr.Application", "Services\MyName.Usr\MyName.Usr.Application\MyName.Usr.Application.csproj", "{D9DDFDE9-124F-44D2-805B-AECF379AC103}"
EndProject
Project("{9A19103F-16F7-4668-BE54-9A1E7A4F7556}") = "MyName.Usr.Application.Contracts", "Services\MyName.Usr\MyName.Usr.Application.Contracts\MyName.Usr.Application.Contracts.csproj", "{62BB5E5C-9784-43F6-9D0F-3352759ADE34}"
EndProject
Project("{9A19103F-16F7-4668-BE54-9A1E7A4F7556}") = "MyName.Usr.Migrations", "Services\MyName.Usr\MyName.Usr.Migrations\MyName.Usr.Migrations.csproj", "{3A258A89-318B-45AF-A7AC-0BA2A05C3943}"
EndProject
Project("{9A19103F-16F7-4668-BE54-9A1E7A4F7556}") = "MyName.Usr.Repository", "Services\MyName.Usr\MyName.Usr.Repository\MyName.Usr.Repository.csproj", "{5574521A-DC2C-4079-8662-DCE72E168EE5}"
EndProject
Project("{9A19103F-16F7-4668-BE54-9A1E7A4F7556}") = "MyName.Usr.WebApi", "Services\MyName.Usr\MyName.Usr.WebApi\MyName.Usr.WebApi.csproj", "{BE5162B8-61BB-4352-8F25-A228D0242DB7}"
EndProject
Project("{9A19103F-16F7-4668-BE54-9A1E7A4F7556}") = "MyName.Maint.Application", "Services\MyName.Maint\MyName.Maint.Application\MyName.Maint.Application.csproj", "{40C9C031-F025-44F2-A4AE-1593DBADD279}"
EndProject
Project("{9A19103F-16F7-4668-BE54-9A1E7A4F7556}") = "MyName.Maint.Application.Contracts", "Services\MyName.Maint\MyName.Maint.Application.Contracts\MyName.Maint.Application.Contracts.csproj", "{C98D8F62-6863-4C07-A48E-962D443147D6}"
EndProject
Project("{9A19103F-16F7-4668-BE54-9A1E7A4F7556}") = "MyName.Maint.Migrations", "Services\MyName.Maint\MyName.Maint.Migrations\MyName.Maint.Migrations.csproj", "{2C2ABD48-A954-4665-8EA5-4F426E288E9F}"
EndProject
Project("{9A19103F-16F7-4668-BE54-9A1E7A4F7556}") = "MyName.Maint.Repository", "Services\MyName.Maint\MyName.Maint.Repository\MyName.Maint.Repository.csproj", "{F19E04BE-0938-4B53-A8CF-9F9D3BC1A4EC}"
EndProject
Project("{9A19103F-16F7-4668-BE54-9A1E7A4F7556}") = "MyName.Maint.WebApi", "Services\MyName.Maint\MyName.Maint.WebApi\MyName.Maint.WebApi.csproj", "{8E1AADDA-ED58-4AB9-A0C9-FA3C5C304510}"
EndProject
Global
	GlobalSection(SolutionConfigurationPlatforms) = preSolution
		Debug|Any CPU = Debug|Any CPU
		Debug|x64 = Debug|x64
		Release|Any CPU = Release|Any CPU
		Release|x64 = Release|x64
	EndGlobalSection
	GlobalSection(ProjectConfigurationPlatforms) = postSolution
		{F0FF93E2-336D-4FA2-9224-1FD1706E672D}.Debug|Any CPU.ActiveCfg = Debug|Any CPU
		{F0FF93E2-336D-4FA2-9224-1FD1706E672D}.Debug|Any CPU.Build.0 = Debug|Any CPU
		{F0FF93E2-336D-4FA2-9224-1FD1706E672D}.Debug|x64.ActiveCfg = Debug|Any CPU
		{F0FF93E2-336D-4FA2-9224-1FD1706E672D}.Debug|x64.Build.0 = Debug|Any CPU
		{F0FF93E2-336D-4FA2-9224-1FD1706E672D}.Release|Any CPU.ActiveCfg = Release|Any CPU
		{F0FF93E2-336D-4FA2-9224-1FD1706E672D}.Release|Any CPU.Build.0 = Release|Any CPU
		{F0FF93E2-336D-4FA2-9224-1FD1706E672D}.Release|x64.ActiveCfg = Release|Any CPU
		{F0FF93E2-336D-4FA2-9224-1FD1706E672D}.Release|x64.Build.0 = Release|Any CPU
		{1EF6DD20-4412-4888-8630-9E5BFA89B5B0}.Debug|Any CPU.ActiveCfg = Debug|Any CPU
		{1EF6DD20-4412-4888-8630-9E5BFA89B5B0}.Debug|Any CPU.Build.0 = Debug|Any CPU
		{1EF6DD20-4412-4888-8630-9E5BFA89B5B0}.Debug|x64.ActiveCfg = Debug|Any CPU
		{1EF6DD20-4412-4888-8630-9E5BFA89B5B0}.Debug|x64.Build.0 = Debug|Any CPU
		{1EF6DD20-4412-4888-8630-9E5BFA89B5B0}.Release|Any CPU.ActiveCfg = Release|Any CPU
		{1EF6DD20-4412-4888-8630-9E5BFA89B5B0}.Release|Any CPU.Build.0 = Release|Any CPU
		{1EF6DD20-4412-4888-8630-9E5BFA89B5B0}.Release|x64.ActiveCfg = Release|Any CPU
		{1EF6DD20-4412-4888-8630-9E5BFA89B5B0}.Release|x64.Build.0 = Release|Any CPU
		{B6A87E10-919C-4595-931A-93159C25BCCE}.Debug|Any CPU.ActiveCfg = Debug|Any CPU
		{B6A87E10-919C-4595-931A-93159C25BCCE}.Debug|Any CPU.Build.0 = Debug|Any CPU
		{B6A87E10-919C-4595-931A-93159C25BCCE}.Debug|x64.ActiveCfg = Debug|Any CPU
		{B6A87E10-919C-4595-931A-93159C25BCCE}.Debug|x64.Build.0 = Debug|Any CPU
		{B6A87E10-919C-4595-931A-93159C25BCCE}.Release|Any CPU.ActiveCfg = Release|Any CPU
		{B6A87E10-919C-4595-931A-93159C25BCCE}.Release|Any CPU.Build.0 = Release|Any CPU
		{B6A87E10-919C-4595-931A-93159C25BCCE}.Release|x64.ActiveCfg = Release|Any CPU
		{B6A87E10-919C-4595-931A-93159C25BCCE}.Release|x64.Build.0 = Release|Any CPU
		{F44BB9E6-1F7B-4284-9297-9DD36BAD0141}.Debug|Any CPU.ActiveCfg = Debug|Any CPU
		{F44BB9E6-1F7B-4284-9297-9DD36BAD0141}.Debug|Any CPU.Build.0 = Debug|Any CPU
		{F44BB9E6-1F7B-4284-9297-9DD36BAD0141}.Debug|x64.ActiveCfg = Debug|Any CPU
		{F44BB9E6-1F7B-4284-9297-9DD36BAD0141}.Debug|x64.Build.0 = Debug|Any CPU
		{F44BB9E6-1F7B-4284-9297-9DD36BAD0141}.Release|Any CPU.ActiveCfg = Release|Any CPU
		{F44BB9E6-1F7B-4284-9297-9DD36BAD0141}.Release|Any CPU.Build.0 = Release|Any CPU
		{F44BB9E6-1F7B-4284-9297-9DD36BAD0141}.Release|x64.ActiveCfg = Release|Any CPU
		{F44BB9E6-1F7B-4284-9297-9DD36BAD0141}.Release|x64.Build.0 = Release|Any CPU
		{9B0C3924-6FE8-49C1-927C-AA40A08D4862}.Debug|Any CPU.ActiveCfg = Debug|Any CPU
		{9B0C3924-6FE8-49C1-927C-AA40A08D4862}.Debug|Any CPU.Build.0 = Debug|Any CPU
		{9B0C3924-6FE8-49C1-927C-AA40A08D4862}.Debug|x64.ActiveCfg = Debug|Any CPU
		{9B0C3924-6FE8-49C1-927C-AA40A08D4862}.Debug|x64.Build.0 = Debug|Any CPU
		{9B0C3924-6FE8-49C1-927C-AA40A08D4862}.Release|Any CPU.ActiveCfg = Release|Any CPU
		{9B0C3924-6FE8-49C1-927C-AA40A08D4862}.Release|Any CPU.Build.0 = Release|Any CPU
		{9B0C3924-6FE8-49C1-927C-AA40A08D4862}.Release|x64.ActiveCfg = Release|Any CPU
		{9B0C3924-6FE8-49C1-927C-AA40A08D4862}.Release|x64.Build.0 = Release|Any CPU
		{0B856D52-AC40-48DD-B327-8CC08C6FA504}.Debug|Any CPU.ActiveCfg = Debug|Any CPU
		{0B856D52-AC40-48DD-B327-8CC08C6FA504}.Debug|Any CPU.Build.0 = Debug|Any CPU
		{0B856D52-AC40-48DD-B327-8CC08C6FA504}.Debug|x64.ActiveCfg = Debug|Any CPU
		{0B856D52-AC40-48DD-B327-8CC08C6FA504}.Debug|x64.Build.0 = Debug|Any CPU
		{0B856D52-AC40-48DD-B327-8CC08C6FA504}.Release|Any CPU.ActiveCfg = Release|Any CPU
		{0B856D52-AC40-48DD-B327-8CC08C6FA504}.Release|Any CPU.Build.0 = Release|Any CPU
		{0B856D52-AC40-48DD-B327-8CC08C6FA504}.Release|x64.ActiveCfg = Release|Any CPU
		{0B856D52-AC40-48DD-B327-8CC08C6FA504}.Release|x64.Build.0 = Release|Any CPU
		{7CEA691C-9890-4EC9-A21B-C19EA3CBDFA5}.Debug|Any CPU.ActiveCfg = Debug|Any CPU
		{7CEA691C-9890-4EC9-A21B-C19EA3CBDFA5}.Debug|Any CPU.Build.0 = Debug|Any CPU
		{7CEA691C-9890-4EC9-A21B-C19EA3CBDFA5}.Debug|x64.ActiveCfg = Debug|Any CPU
		{7CEA691C-9890-4EC9-A21B-C19EA3CBDFA5}.Debug|x64.Build.0 = Debug|Any CPU
		{7CEA691C-9890-4EC9-A21B-C19EA3CBDFA5}.Release|Any CPU.ActiveCfg = Release|Any CPU
		{7CEA691C-9890-4EC9-A21B-C19EA3CBDFA5}.Release|Any CPU.Build.0 = Release|Any CPU
		{7CEA691C-9890-4EC9-A21B-C19EA3CBDFA5}.Release|x64.ActiveCfg = Release|Any CPU
		{7CEA691C-9890-4EC9-A21B-C19EA3CBDFA5}.Release|x64.Build.0 = Release|Any CPU
		{F29CF6FF-A331-4F97-BC1E-66B625BCD98D}.Debug|Any CPU.ActiveCfg = Debug|Any CPU
		{F29CF6FF-A331-4F97-BC1E-66B625BCD98D}.Debug|Any CPU.Build.0 = Debug|Any CPU
		{F29CF6FF-A331-4F97-BC1E-66B625BCD98D}.Debug|x64.ActiveCfg = Debug|Any CPU
		{F29CF6FF-A331-4F97-BC1E-66B625BCD98D}.Debug|x64.Build.0 = Debug|Any CPU
		{F29CF6FF-A331-4F97-BC1E-66B625BCD98D}.Release|Any CPU.ActiveCfg = Release|Any CPU
		{F29CF6FF-A331-4F97-BC1E-66B625BCD98D}.Release|Any CPU.Build.0 = Release|Any CPU
		{F29CF6FF-A331-4F97-BC1E-66B625BCD98D}.Release|x64.ActiveCfg = Release|Any CPU
		{F29CF6FF-A331-4F97-BC1E-66B625BCD98D}.Release|x64.Build.0 = Release|Any CPU
		{34186680-94A9-4BDA-84A6-DE63CE90C0E4}.Debug|Any CPU.ActiveCfg = Debug|Any CPU
		{34186680-94A9-4BDA-84A6-DE63CE90C0E4}.Debug|Any CPU.Build.0 = Debug|Any CPU
		{34186680-94A9-4BDA-84A6-DE63CE90C0E4}.Debug|x64.ActiveCfg = Debug|Any CPU
		{34186680-94A9-4BDA-84A6-DE63CE90C0E4}.Debug|x64.Build.0 = Debug|Any CPU
		{34186680-94A9-4BDA-84A6-DE63CE90C0E4}.Release|Any CPU.ActiveCfg = Release|Any CPU
		{34186680-94A9-4BDA-84A6-DE63CE90C0E4}.Release|Any CPU.Build.0 = Release|Any CPU
		{34186680-94A9-4BDA-84A6-DE63CE90C0E4}.Release|x64.ActiveCfg = Release|Any CPU
		{34186680-94A9-4BDA-84A6-DE63CE90C0E4}.Release|x64.Build.0 = Release|Any CPU
		{CB59363E-1F03-4BB9-8574-A373C523FD79}.Debug|Any CPU.ActiveCfg = Debug|Any CPU
		{CB59363E-1F03-4BB9-8574-A373C523FD79}.Debug|Any CPU.Build.0 = Debug|Any CPU
		{CB59363E-1F03-4BB9-8574-A373C523FD79}.Debug|x64.ActiveCfg = Debug|Any CPU
		{CB59363E-1F03-4BB9-8574-A373C523FD79}.Debug|x64.Build.0 = Debug|Any CPU
		{CB59363E-1F03-4BB9-8574-A373C523FD79}.Release|Any CPU.ActiveCfg = Release|Any CPU
		{CB59363E-1F03-4BB9-8574-A373C523FD79}.Release|Any CPU.Build.0 = Release|Any CPU
		{CB59363E-1F03-4BB9-8574-A373C523FD79}.Release|x64.ActiveCfg = Release|Any CPU
		{CB59363E-1F03-4BB9-8574-A373C523FD79}.Release|x64.Build.0 = Release|Any CPU
		{9DEDA9F1-11EE-4A3B-AC07-00D1FB5A2F4F}.Debug|Any CPU.ActiveCfg = Debug|Any CPU
		{9DEDA9F1-11EE-4A3B-AC07-00D1FB5A2F4F}.Debug|Any CPU.Build.0 = Debug|Any CPU
		{9DEDA9F1-11EE-4A3B-AC07-00D1FB5A2F4F}.Debug|x64.ActiveCfg = Debug|Any CPU
		{9DEDA9F1-11EE-4A3B-AC07-00D1FB5A2F4F}.Debug|x64.Build.0 = Debug|Any CPU
		{9DEDA9F1-11EE-4A3B-AC07-00D1FB5A2F4F}.Release|Any CPU.ActiveCfg = Release|Any CPU
		{9DEDA9F1-11EE-4A3B-AC07-00D1FB5A2F4F}.Release|Any CPU.Build.0 = Release|Any CPU
		{9DEDA9F1-11EE-4A3B-AC07-00D1FB5A2F4F}.Release|x64.ActiveCfg = Release|Any CPU
		{9DEDA9F1-11EE-4A3B-AC07-00D1FB5A2F4F}.Release|x64.Build.0 = Release|Any CPU
		{50658C05-D064-4A71-9BCC-97301E92AEDE}.Debug|Any CPU.ActiveCfg = Debug|Any CPU
		{50658C05-D064-4A71-9BCC-97301E92AEDE}.Debug|Any CPU.Build.0 = Debug|Any CPU
		{50658C05-D064-4A71-9BCC-97301E92AEDE}.Debug|x64.ActiveCfg = Debug|Any CPU
		{50658C05-D064-4A71-9BCC-97301E92AEDE}.Debug|x64.Build.0 = Debug|Any CPU
		{50658C05-D064-4A71-9BCC-97301E92AEDE}.Release|Any CPU.ActiveCfg = Release|Any CPU
		{50658C05-D064-4A71-9BCC-97301E92AEDE}.Release|Any CPU.Build.0 = Release|Any CPU
		{50658C05-D064-4A71-9BCC-97301E92AEDE}.Release|x64.ActiveCfg = Release|Any CPU
		{50658C05-D064-4A71-9BCC-97301E92AEDE}.Release|x64.Build.0 = Release|Any CPU
		{C1549836-3249-496A-9B2F-6FBD0FDEAC5B}.Debug|Any CPU.ActiveCfg = Debug|Any CPU
		{C1549836-3249-496A-9B2F-6FBD0FDEAC5B}.Debug|Any CPU.Build.0 = Debug|Any CPU
		{C1549836-3249-496A-9B2F-6FBD0FDEAC5B}.Debug|x64.ActiveCfg = Debug|Any CPU
		{C1549836-3249-496A-9B2F-6FBD0FDEAC5B}.Debug|x64.Build.0 = Debug|Any CPU
		{C1549836-3249-496A-9B2F-6FBD0FDEAC5B}.Release|Any CPU.ActiveCfg = Release|Any CPU
		{C1549836-3249-496A-9B2F-6FBD0FDEAC5B}.Release|Any CPU.Build.0 = Release|Any CPU
		{C1549836-3249-496A-9B2F-6FBD0FDEAC5B}.Release|x64.ActiveCfg = Release|Any CPU
		{C1549836-3249-496A-9B2F-6FBD0FDEAC5B}.Release|x64.Build.0 = Release|Any CPU
		{FD2F16F8-9616-43FF-A821-4B03EF0BF7BE}.Debug|Any CPU.ActiveCfg = Debug|Any CPU
		{FD2F16F8-9616-43FF-A821-4B03EF0BF7BE}.Debug|Any CPU.Build.0 = Debug|Any CPU
		{FD2F16F8-9616-43FF-A821-4B03EF0BF7BE}.Debug|x64.ActiveCfg = Debug|Any CPU
		{FD2F16F8-9616-43FF-A821-4B03EF0BF7BE}.Debug|x64.Build.0 = Debug|Any CPU
		{FD2F16F8-9616-43FF-A821-4B03EF0BF7BE}.Release|Any CPU.ActiveCfg = Release|Any CPU
		{FD2F16F8-9616-43FF-A821-4B03EF0BF7BE}.Release|Any CPU.Build.0 = Release|Any CPU
		{FD2F16F8-9616-43FF-A821-4B03EF0BF7BE}.Release|x64.ActiveCfg = Release|Any CPU
		{FD2F16F8-9616-43FF-A821-4B03EF0BF7BE}.Release|x64.Build.0 = Release|Any CPU
		{FE403F81-1C45-409D-907E-FE398DFAC83C}.Debug|Any CPU.ActiveCfg = Debug|Any CPU
		{FE403F81-1C45-409D-907E-FE398DFAC83C}.Debug|Any CPU.Build.0 = Debug|Any CPU
		{FE403F81-1C45-409D-907E-FE398DFAC83C}.Debug|x64.ActiveCfg = Debug|Any CPU
		{FE403F81-1C45-409D-907E-FE398DFAC83C}.Debug|x64.Build.0 = Debug|Any CPU
		{FE403F81-1C45-409D-907E-FE398DFAC83C}.Release|Any CPU.ActiveCfg = Release|Any CPU
		{FE403F81-1C45-409D-907E-FE398DFAC83C}.Release|Any CPU.Build.0 = Release|Any CPU
		{FE403F81-1C45-409D-907E-FE398DFAC83C}.Release|x64.ActiveCfg = Release|Any CPU
		{FE403F81-1C45-409D-907E-FE398DFAC83C}.Release|x64.Build.0 = Release|Any CPU
		{971D654C-62F6-48EB-AEA7-02390AAA5471}.Debug|Any CPU.ActiveCfg = Debug|Any CPU
		{971D654C-62F6-48EB-AEA7-02390AAA5471}.Debug|Any CPU.Build.0 = Debug|Any CPU
		{971D654C-62F6-48EB-AEA7-02390AAA5471}.Debug|x64.ActiveCfg = Debug|Any CPU
		{971D654C-62F6-48EB-AEA7-02390AAA5471}.Debug|x64.Build.0 = Debug|Any CPU
		{971D654C-62F6-48EB-AEA7-02390AAA5471}.Release|Any CPU.ActiveCfg = Release|Any CPU
		{971D654C-62F6-48EB-AEA7-02390AAA5471}.Release|Any CPU.Build.0 = Release|Any CPU
		{971D654C-62F6-48EB-AEA7-02390AAA5471}.Release|x64.ActiveCfg = Release|Any CPU
		{971D654C-62F6-48EB-AEA7-02390AAA5471}.Release|x64.Build.0 = Release|Any CPU
		{45ABA326-FE27-4F8B-A6A0-C22ADEF82333}.Debug|Any CPU.ActiveCfg = Debug|Any CPU
		{45ABA326-FE27-4F8B-A6A0-C22ADEF82333}.Debug|Any CPU.Build.0 = Debug|Any CPU
		{45ABA326-FE27-4F8B-A6A0-C22ADEF82333}.Debug|x64.ActiveCfg = Debug|Any CPU
		{45ABA326-FE27-4F8B-A6A0-C22ADEF82333}.Debug|x64.Build.0 = Debug|Any CPU
		{45ABA326-FE27-4F8B-A6A0-C22ADEF82333}.Release|Any CPU.ActiveCfg = Release|Any CPU
		{45ABA326-FE27-4F8B-A6A0-C22ADEF82333}.Release|Any CPU.Build.0 = Release|Any CPU
		{45ABA326-FE27-4F8B-A6A0-C22ADEF82333}.Release|x64.ActiveCfg = Release|Any CPU
		{45ABA326-FE27-4F8B-A6A0-C22ADEF82333}.Release|x64.Build.0 = Release|Any CPU
		{88E4139D-D41C-4EBB-A375-F0C83822F49C}.Debug|Any CPU.ActiveCfg = Debug|Any CPU
		{88E4139D-D41C-4EBB-A375-F0C83822F49C}.Debug|Any CPU.Build.0 = Debug|Any CPU
		{88E4139D-D41C-4EBB-A375-F0C83822F49C}.Debug|x64.ActiveCfg = Debug|Any CPU
		{88E4139D-D41C-4EBB-A375-F0C83822F49C}.Debug|x64.Build.0 = Debug|Any CPU
		{88E4139D-D41C-4EBB-A375-F0C83822F49C}.Release|Any CPU.ActiveCfg = Release|Any CPU
		{88E4139D-D41C-4EBB-A375-F0C83822F49C}.Release|Any CPU.Build.0 = Release|Any CPU
		{88E4139D-D41C-4EBB-A375-F0C83822F49C}.Release|x64.ActiveCfg = Release|Any CPU
		{88E4139D-D41C-4EBB-A375-F0C83822F49C}.Release|x64.Build.0 = Release|Any CPU
		{4E1EC408-6A7F-4D8B-B82D-B1A3B878F562}.Debug|Any CPU.ActiveCfg = Debug|Any CPU
		{4E1EC408-6A7F-4D8B-B82D-B1A3B878F562}.Debug|Any CPU.Build.0 = Debug|Any CPU
		{4E1EC408-6A7F-4D8B-B82D-B1A3B878F562}.Debug|x64.ActiveCfg = Debug|Any CPU
		{4E1EC408-6A7F-4D8B-B82D-B1A3B878F562}.Debug|x64.Build.0 = Debug|Any CPU
		{4E1EC408-6A7F-4D8B-B82D-B1A3B878F562}.Release|Any CPU.ActiveCfg = Release|Any CPU
		{4E1EC408-6A7F-4D8B-B82D-B1A3B878F562}.Release|Any CPU.Build.0 = Release|Any CPU
		{4E1EC408-6A7F-4D8B-B82D-B1A3B878F562}.Release|x64.ActiveCfg = Release|Any CPU
		{4E1EC408-6A7F-4D8B-B82D-B1A3B878F562}.Release|x64.Build.0 = Release|Any CPU
		{850C031E-107D-4ECD-926B-A7053C1FD626}.Debug|Any CPU.ActiveCfg = Debug|Any CPU
		{850C031E-107D-4ECD-926B-A7053C1FD626}.Debug|Any CPU.Build.0 = Debug|Any CPU
		{850C031E-107D-4ECD-926B-A7053C1FD626}.Debug|x64.ActiveCfg = Debug|Any CPU
		{850C031E-107D-4ECD-926B-A7053C1FD626}.Debug|x64.Build.0 = Debug|Any CPU
		{850C031E-107D-4ECD-926B-A7053C1FD626}.Release|Any CPU.ActiveCfg = Release|Any CPU
		{850C031E-107D-4ECD-926B-A7053C1FD626}.Release|Any CPU.Build.0 = Release|Any CPU
		{850C031E-107D-4ECD-926B-A7053C1FD626}.Release|x64.ActiveCfg = Release|Any CPU
		{850C031E-107D-4ECD-926B-A7053C1FD626}.Release|x64.Build.0 = Release|Any CPU
		{0D896AE0-5270-4CE3-9153-1D48F185DD08}.Debug|Any CPU.ActiveCfg = Debug|Any CPU
		{0D896AE0-5270-4CE3-9153-1D48F185DD08}.Debug|Any CPU.Build.0 = Debug|Any CPU
		{0D896AE0-5270-4CE3-9153-1D48F185DD08}.Debug|x64.ActiveCfg = Debug|Any CPU
		{0D896AE0-5270-4CE3-9153-1D48F185DD08}.Debug|x64.Build.0 = Debug|Any CPU
		{0D896AE0-5270-4CE3-9153-1D48F185DD08}.Release|Any CPU.ActiveCfg = Release|Any CPU
		{0D896AE0-5270-4CE3-9153-1D48F185DD08}.Release|Any CPU.Build.0 = Release|Any CPU
		{0D896AE0-5270-4CE3-9153-1D48F185DD08}.Release|x64.ActiveCfg = Release|Any CPU
		{0D896AE0-5270-4CE3-9153-1D48F185DD08}.Release|x64.Build.0 = Release|Any CPU
		{D9DDFDE9-124F-44D2-805B-AECF379AC103}.Debug|Any CPU.ActiveCfg = Debug|Any CPU
		{D9DDFDE9-124F-44D2-805B-AECF379AC103}.Debug|Any CPU.Build.0 = Debug|Any CPU
		{D9DDFDE9-124F-44D2-805B-AECF379AC103}.Debug|x64.ActiveCfg = Debug|Any CPU
		{D9DDFDE9-124F-44D2-805B-AECF379AC103}.Debug|x64.Build.0 = Debug|Any CPU
		{D9DDFDE9-124F-44D2-805B-AECF379AC103}.Release|Any CPU.ActiveCfg = Release|Any CPU
		{D9DDFDE9-124F-44D2-805B-AECF379AC103}.Release|Any CPU.Build.0 = Release|Any CPU
		{D9DDFDE9-124F-44D2-805B-AECF379AC103}.Release|x64.ActiveCfg = Release|Any CPU
		{D9DDFDE9-124F-44D2-805B-AECF379AC103}.Release|x64.Build.0 = Release|Any CPU
		{62BB5E5C-9784-43F6-9D0F-3352759ADE34}.Debug|Any CPU.ActiveCfg = Debug|Any CPU
		{62BB5E5C-9784-43F6-9D0F-3352759ADE34}.Debug|Any CPU.Build.0 = Debug|Any CPU
		{62BB5E5C-9784-43F6-9D0F-3352759ADE34}.Debug|x64.ActiveCfg = Debug|Any CPU
		{62BB5E5C-9784-43F6-9D0F-3352759ADE34}.Debug|x64.Build.0 = Debug|Any CPU
		{62BB5E5C-9784-43F6-9D0F-3352759ADE34}.Release|Any CPU.ActiveCfg = Release|Any CPU
		{62BB5E5C-9784-43F6-9D0F-3352759ADE34}.Release|Any CPU.Build.0 = Release|Any CPU
		{62BB5E5C-9784-43F6-9D0F-3352759ADE34}.Release|x64.ActiveCfg = Release|Any CPU
		{62BB5E5C-9784-43F6-9D0F-3352759ADE34}.Release|x64.Build.0 = Release|Any CPU
		{3A258A89-318B-45AF-A7AC-0BA2A05C3943}.Debug|Any CPU.ActiveCfg = Debug|Any CPU
		{3A258A89-318B-45AF-A7AC-0BA2A05C3943}.Debug|Any CPU.Build.0 = Debug|Any CPU
		{3A258A89-318B-45AF-A7AC-0BA2A05C3943}.Debug|x64.ActiveCfg = Debug|Any CPU
		{3A258A89-318B-45AF-A7AC-0BA2A05C3943}.Debug|x64.Build.0 = Debug|Any CPU
		{3A258A89-318B-45AF-A7AC-0BA2A05C3943}.Release|Any CPU.ActiveCfg = Release|Any CPU
		{3A258A89-318B-45AF-A7AC-0BA2A05C3943}.Release|Any CPU.Build.0 = Release|Any CPU
		{3A258A89-318B-45AF-A7AC-0BA2A05C3943}.Release|x64.ActiveCfg = Release|Any CPU
		{3A258A89-318B-45AF-A7AC-0BA2A05C3943}.Release|x64.Build.0 = Release|Any CPU
		{5574521A-DC2C-4079-8662-DCE72E168EE5}.Debug|Any CPU.ActiveCfg = Debug|Any CPU
		{5574521A-DC2C-4079-8662-DCE72E168EE5}.Debug|Any CPU.Build.0 = Debug|Any CPU
		{5574521A-DC2C-4079-8662-DCE72E168EE5}.Debug|x64.ActiveCfg = Debug|Any CPU
		{5574521A-DC2C-4079-8662-DCE72E168EE5}.Debug|x64.Build.0 = Debug|Any CPU
		{5574521A-DC2C-4079-8662-DCE72E168EE5}.Release|Any CPU.ActiveCfg = Release|Any CPU
		{5574521A-DC2C-4079-8662-DCE72E168EE5}.Release|Any CPU.Build.0 = Release|Any CPU
		{5574521A-DC2C-4079-8662-DCE72E168EE5}.Release|x64.ActiveCfg = Release|Any CPU
		{5574521A-DC2C-4079-8662-DCE72E168EE5}.Release|x64.Build.0 = Release|Any CPU
		{BE5162B8-61BB-4352-8F25-A228D0242DB7}.Debug|Any CPU.ActiveCfg = Debug|Any CPU
		{BE5162B8-61BB-4352-8F25-A228D0242DB7}.Debug|Any CPU.Build.0 = Debug|Any CPU
		{BE5162B8-61BB-4352-8F25-A228D0242DB7}.Debug|x64.ActiveCfg = Debug|Any CPU
		{BE5162B8-61BB-4352-8F25-A228D0242DB7}.Debug|x64.Build.0 = Debug|Any CPU
		{BE5162B8-61BB-4352-8F25-A228D0242DB7}.Release|Any CPU.ActiveCfg = Release|Any CPU
		{BE5162B8-61BB-4352-8F25-A228D0242DB7}.Release|Any CPU.Build.0 = Release|Any CPU
		{BE5162B8-61BB-4352-8F25-A228D0242DB7}.Release|x64.ActiveCfg = Release|Any CPU
		{BE5162B8-61BB-4352-8F25-A228D0242DB7}.Release|x64.Build.0 = Release|Any CPU
		{40C9C031-F025-44F2-A4AE-1593DBADD279}.Debug|Any CPU.ActiveCfg = Debug|Any CPU
		{40C9C031-F025-44F2-A4AE-1593DBADD279}.Debug|Any CPU.Build.0 = Debug|Any CPU
		{40C9C031-F025-44F2-A4AE-1593DBADD279}.Debug|x64.ActiveCfg = Debug|Any CPU
		{40C9C031-F025-44F2-A4AE-1593DBADD279}.Debug|x64.Build.0 = Debug|Any CPU
		{40C9C031-F025-44F2-A4AE-1593DBADD279}.Release|Any CPU.ActiveCfg = Release|Any CPU
		{40C9C031-F025-44F2-A4AE-1593DBADD279}.Release|Any CPU.Build.0 = Release|Any CPU
		{40C9C031-F025-44F2-A4AE-1593DBADD279}.Release|x64.ActiveCfg = Release|Any CPU
		{40C9C031-F025-44F2-A4AE-1593DBADD279}.Release|x64.Build.0 = Release|Any CPU
		{C98D8F62-6863-4C07-A48E-962D443147D6}.Debug|Any CPU.ActiveCfg = Debug|Any CPU
		{C98D8F62-6863-4C07-A48E-962D443147D6}.Debug|Any CPU.Build.0 = Debug|Any CPU
		{C98D8F62-6863-4C07-A48E-962D443147D6}.Debug|x64.ActiveCfg = Debug|Any CPU
		{C98D8F62-6863-4C07-A48E-962D443147D6}.Debug|x64.Build.0 = Debug|Any CPU
		{C98D8F62-6863-4C07-A48E-962D443147D6}.Release|Any CPU.ActiveCfg = Release|Any CPU
		{C98D8F62-6863-4C07-A48E-962D443147D6}.Release|Any CPU.Build.0 = Release|Any CPU
		{C98D8F62-6863-4C07-A48E-962D443147D6}.Release|x64.ActiveCfg = Release|Any CPU
		{C98D8F62-6863-4C07-A48E-962D443147D6}.Release|x64.Build.0 = Release|Any CPU
		{2C2ABD48-A954-4665-8EA5-4F426E288E9F}.Debug|Any CPU.ActiveCfg = Debug|Any CPU
		{2C2ABD48-A954-4665-8EA5-4F426E288E9F}.Debug|Any CPU.Build.0 = Debug|Any CPU
		{2C2ABD48-A954-4665-8EA5-4F426E288E9F}.Debug|x64.ActiveCfg = Debug|Any CPU
		{2C2ABD48-A954-4665-8EA5-4F426E288E9F}.Debug|x64.Build.0 = Debug|Any CPU
		{2C2ABD48-A954-4665-8EA5-4F426E288E9F}.Release|Any CPU.ActiveCfg = Release|Any CPU
		{2C2ABD48-A954-4665-8EA5-4F426E288E9F}.Release|Any CPU.Build.0 = Release|Any CPU
		{2C2ABD48-A954-4665-8EA5-4F426E288E9F}.Release|x64.ActiveCfg = Release|Any CPU
		{2C2ABD48-A954-4665-8EA5-4F426E288E9F}.Release|x64.Build.0 = Release|Any CPU
		{F19E04BE-0938-4B53-A8CF-9F9D3BC1A4EC}.Debug|Any CPU.ActiveCfg = Debug|Any CPU
		{F19E04BE-0938-4B53-A8CF-9F9D3BC1A4EC}.Debug|Any CPU.Build.0 = Debug|Any CPU
		{F19E04BE-0938-4B53-A8CF-9F9D3BC1A4EC}.Debug|x64.ActiveCfg = Debug|Any CPU
		{F19E04BE-0938-4B53-A8CF-9F9D3BC1A4EC}.Debug|x64.Build.0 = Debug|Any CPU
		{F19E04BE-0938-4B53-A8CF-9F9D3BC1A4EC}.Release|Any CPU.ActiveCfg = Release|Any CPU
		{F19E04BE-0938-4B53-A8CF-9F9D3BC1A4EC}.Release|Any CPU.Build.0 = Release|Any CPU
		{F19E04BE-0938-4B53-A8CF-9F9D3BC1A4EC}.Release|x64.ActiveCfg = Release|Any CPU
		{F19E04BE-0938-4B53-A8CF-9F9D3BC1A4EC}.Release|x64.Build.0 = Release|Any CPU
		{8E1AADDA-ED58-4AB9-A0C9-FA3C5C304510}.Debug|Any CPU.ActiveCfg = Debug|Any CPU
		{8E1AADDA-ED58-4AB9-A0C9-FA3C5C304510}.Debug|Any CPU.Build.0 = Debug|Any CPU
		{8E1AADDA-ED58-4AB9-A0C9-FA3C5C304510}.Debug|x64.ActiveCfg = Debug|Any CPU
		{8E1AADDA-ED58-4AB9-A0C9-FA3C5C304510}.Debug|x64.Build.0 = Debug|Any CPU
		{8E1AADDA-ED58-4AB9-A0C9-FA3C5C304510}.Release|Any CPU.ActiveCfg = Release|Any CPU
		{8E1AADDA-ED58-4AB9-A0C9-FA3C5C304510}.Release|Any CPU.Build.0 = Release|Any CPU
		{8E1AADDA-ED58-4AB9-A0C9-FA3C5C304510}.Release|x64.ActiveCfg = Release|Any CPU
		{8E1AADDA-ED58-4AB9-A0C9-FA3C5C304510}.Release|x64.Build.0 = Release|Any CPU
	EndGlobalSection
	GlobalSection(SolutionProperties) = preSolution
		HideSolutionNode = FALSE
	EndGlobalSection
	GlobalSection(NestedProjects) = preSolution
		{EB4CD5BA-9A74-4261-8CF3-28B8C7AE8D89} = {0CDC8FFF-393C-4C44-A2D8-996C24C51024}
		{4362083A-615A-4EA5-9C7F-4A3F9C3AD7EB} = {0CDC8FFF-393C-4C44-A2D8-996C24C51024}
		{1D4DB6DE-CDE0-4B60-A71D-DFD792C6D864} = {0CDC8FFF-393C-4C44-A2D8-996C24C51024}
		{F0FF93E2-336D-4FA2-9224-1FD1706E672D} = {3B899133-BEAC-4438-977F-B28FDFF3AE27}
		{1EF6DD20-4412-4888-8630-9E5BFA89B5B0} = {3B899133-BEAC-4438-977F-B28FDFF3AE27}
		{B6A87E10-919C-4595-931A-93159C25BCCE} = {3B899133-BEAC-4438-977F-B28FDFF3AE27}
		{F44BB9E6-1F7B-4284-9297-9DD36BAD0141} = {3B899133-BEAC-4438-977F-B28FDFF3AE27}
		{9B0C3924-6FE8-49C1-927C-AA40A08D4862} = {3B899133-BEAC-4438-977F-B28FDFF3AE27}
		{0B856D52-AC40-48DD-B327-8CC08C6FA504} = {3B899133-BEAC-4438-977F-B28FDFF3AE27}
		{7CEA691C-9890-4EC9-A21B-C19EA3CBDFA5} = {3B899133-BEAC-4438-977F-B28FDFF3AE27}
		{F29CF6FF-A331-4F97-BC1E-66B625BCD98D} = {3B899133-BEAC-4438-977F-B28FDFF3AE27}
		{34186680-94A9-4BDA-84A6-DE63CE90C0E4} = {3B899133-BEAC-4438-977F-B28FDFF3AE27}
		{CB59363E-1F03-4BB9-8574-A373C523FD79} = {3B899133-BEAC-4438-977F-B28FDFF3AE27}
		{9DEDA9F1-11EE-4A3B-AC07-00D1FB5A2F4F} = {3B899133-BEAC-4438-977F-B28FDFF3AE27}
		{50658C05-D064-4A71-9BCC-97301E92AEDE} = {3B899133-BEAC-4438-977F-B28FDFF3AE27}
		{C1549836-3249-496A-9B2F-6FBD0FDEAC5B} = {3B899133-BEAC-4438-977F-B28FDFF3AE27}
		{FD2F16F8-9616-43FF-A821-4B03EF0BF7BE} = {1D4DB6DE-CDE0-4B60-A71D-DFD792C6D864}
		{FE403F81-1C45-409D-907E-FE398DFAC83C} = {1D4DB6DE-CDE0-4B60-A71D-DFD792C6D864}
		{971D654C-62F6-48EB-AEA7-02390AAA5471} = {1D4DB6DE-CDE0-4B60-A71D-DFD792C6D864}
		{45ABA326-FE27-4F8B-A6A0-C22ADEF82333} = {1D4DB6DE-CDE0-4B60-A71D-DFD792C6D864}
		{88E4139D-D41C-4EBB-A375-F0C83822F49C} = {1D4DB6DE-CDE0-4B60-A71D-DFD792C6D864}
		{4E1EC408-6A7F-4D8B-B82D-B1A3B878F562} = {1D4DB6DE-CDE0-4B60-A71D-DFD792C6D864}
		{850C031E-107D-4ECD-926B-A7053C1FD626} = {1D4DB6DE-CDE0-4B60-A71D-DFD792C6D864}
		{0D896AE0-5270-4CE3-9153-1D48F185DD08} = {A142E6FE-FDCF-48BD-AEE8-0C8A45993594}
		{D9DDFDE9-124F-44D2-805B-AECF379AC103} = {EB4CD5BA-9A74-4261-8CF3-28B8C7AE8D89}
		{62BB5E5C-9784-43F6-9D0F-3352759ADE34} = {EB4CD5BA-9A74-4261-8CF3-28B8C7AE8D89}
		{3A258A89-318B-45AF-A7AC-0BA2A05C3943} = {EB4CD5BA-9A74-4261-8CF3-28B8C7AE8D89}
		{5574521A-DC2C-4079-8662-DCE72E168EE5} = {EB4CD5BA-9A74-4261-8CF3-28B8C7AE8D89}
		{BE5162B8-61BB-4352-8F25-A228D0242DB7} = {EB4CD5BA-9A74-4261-8CF3-28B8C7AE8D89}
		{40C9C031-F025-44F2-A4AE-1593DBADD279} = {4362083A-615A-4EA5-9C7F-4A3F9C3AD7EB}
		{C98D8F62-6863-4C07-A48E-962D443147D6} = {4362083A-615A-4EA5-9C7F-4A3F9C3AD7EB}
		{2C2ABD48-A954-4665-8EA5-4F426E288E9F} = {4362083A-615A-4EA5-9C7F-4A3F9C3AD7EB}
		{F19E04BE-0938-4B53-A8CF-9F9D3BC1A4EC} = {4362083A-615A-4EA5-9C7F-4A3F9C3AD7EB}
		{8E1AADDA-ED58-4AB9-A0C9-FA3C5C304510} = {4362083A-615A-4EA5-9C7F-4A3F9C3AD7EB}
	EndGlobalSection
	GlobalSection(ExtensibilityGlobals) = postSolution
		SolutionGuid = {3DED72E8-74C9-4A51-A9CE-62ECFEEA1921}
	EndGlobalSection
EndGlobal
